// !$*UTF8*$!
{
	archiveVersion = 1;
	classes = {
	};
	objectVersion = 46;
	objects = {

/* Begin PBXBuildFile section */
		1D3134B41EACCA7F005A9B42 /* StoryViewController.swift in Sources */ = {isa = PBXBuildFile; fileRef = 1D3134B31EACCA7F005A9B42 /* StoryViewController.swift */; };
		1D3134B81EACF688005A9B42 /* Data.swift in Sources */ = {isa = PBXBuildFile; fileRef = 1D3134B71EACF688005A9B42 /* Data.swift */; };
		1D938A7A1EAD900E00EFBB72 /* ContextViewController.swift in Sources */ = {isa = PBXBuildFile; fileRef = 1D938A791EAD900E00EFBB72 /* ContextViewController.swift */; };
		7412DA191DC080C3007DB001 /* loc.swift in Sources */ = {isa = PBXBuildFile; fileRef = 7412DA181DC080C3007DB001 /* loc.swift */; };
		742157B81DBDE85300EE1203 /* CollectionViewCell.swift in Sources */ = {isa = PBXBuildFile; fileRef = 742157B71DBDE85300EE1203 /* CollectionViewCell.swift */; };
		745DF0A11DBE430D005B068A /* DetailViewController.swift in Sources */ = {isa = PBXBuildFile; fileRef = 745DF0A01DBE430D005B068A /* DetailViewController.swift */; };
		745DF0A31DBE4572005B068A /* DetailCollectionViewCell.swift in Sources */ = {isa = PBXBuildFile; fileRef = 745DF0A21DBE4572005B068A /* DetailCollectionViewCell.swift */; };
		7499CD831DB48012009F41B1 /* AppDelegate.swift in Sources */ = {isa = PBXBuildFile; fileRef = 7499CD821DB48012009F41B1 /* AppDelegate.swift */; };
		7499CD851DB48012009F41B1 /* ViewController.swift in Sources */ = {isa = PBXBuildFile; fileRef = 7499CD841DB48012009F41B1 /* ViewController.swift */; };
		7499CD881DB48012009F41B1 /* Main.storyboard in Resources */ = {isa = PBXBuildFile; fileRef = 7499CD861DB48012009F41B1 /* Main.storyboard */; };
		7499CD8A1DB48012009F41B1 /* Assets.xcassets in Resources */ = {isa = PBXBuildFile; fileRef = 7499CD891DB48012009F41B1 /* Assets.xcassets */; };
		7499CD8D1DB48012009F41B1 /* LaunchScreen.storyboard in Resources */ = {isa = PBXBuildFile; fileRef = 7499CD8B1DB48012009F41B1 /* LaunchScreen.storyboard */; };
/* End PBXBuildFile section */

/* Begin PBXFileReference section */
		1D3134B31EACCA7F005A9B42 /* StoryViewController.swift */ = {isa = PBXFileReference; fileEncoding = 4; lastKnownFileType = sourcecode.swift; path = StoryViewController.swift; sourceTree = "<group>"; };
		1D3134B71EACF688005A9B42 /* Data.swift */ = {isa = PBXFileReference; fileEncoding = 4; lastKnownFileType = sourcecode.swift; path = Data.swift; sourceTree = "<group>"; };
		1D938A791EAD900E00EFBB72 /* ContextViewController.swift */ = {isa = PBXFileReference; fileEncoding = 4; lastKnownFileType = sourcecode.swift; path = ContextViewController.swift; sourceTree = "<group>"; };
		7412DA181DC080C3007DB001 /* loc.swift */ = {isa = PBXFileReference; fileEncoding = 4; lastKnownFileType = sourcecode.swift; path = loc.swift; sourceTree = "<group>"; };
		742157B71DBDE85300EE1203 /* CollectionViewCell.swift */ = {isa = PBXFileReference; fileEncoding = 4; lastKnownFileType = sourcecode.swift; path = CollectionViewCell.swift; sourceTree = "<group>"; };
		745DF0A01DBE430D005B068A /* DetailViewController.swift */ = {isa = PBXFileReference; fileEncoding = 4; lastKnownFileType = sourcecode.swift; path = DetailViewController.swift; sourceTree = "<group>"; };
		745DF0A21DBE4572005B068A /* DetailCollectionViewCell.swift */ = {isa = PBXFileReference; fileEncoding = 4; lastKnownFileType = sourcecode.swift; path = DetailCollectionViewCell.swift; sourceTree = "<group>"; };
		7499CD7F1DB48012009F41B1 /* Tour@SST.app */ = {isa = PBXFileReference; explicitFileType = wrapper.application; includeInIndex = 0; path = "Tour@SST.app"; sourceTree = BUILT_PRODUCTS_DIR; };
		7499CD821DB48012009F41B1 /* AppDelegate.swift */ = {isa = PBXFileReference; lastKnownFileType = sourcecode.swift; path = AppDelegate.swift; sourceTree = "<group>"; };
		7499CD841DB48012009F41B1 /* ViewController.swift */ = {isa = PBXFileReference; lastKnownFileType = sourcecode.swift; path = ViewController.swift; sourceTree = "<group>"; };
		7499CD871DB48012009F41B1 /* Base */ = {isa = PBXFileReference; lastKnownFileType = file.storyboard; name = Base; path = Base.lproj/Main.storyboard; sourceTree = "<group>"; };
		7499CD891DB48012009F41B1 /* Assets.xcassets */ = {isa = PBXFileReference; lastKnownFileType = folder.assetcatalog; path = Assets.xcassets; sourceTree = "<group>"; };
		7499CD8C1DB48012009F41B1 /* Base */ = {isa = PBXFileReference; lastKnownFileType = file.storyboard; name = Base; path = Base.lproj/LaunchScreen.storyboard; sourceTree = "<group>"; };
		7499CD8E1DB48012009F41B1 /* Info.plist */ = {isa = PBXFileReference; lastKnownFileType = text.plist.xml; path = Info.plist; sourceTree = "<group>"; };
/* End PBXFileReference section */

/* Begin PBXFrameworksBuildPhase section */
		7499CD7C1DB48012009F41B1 /* Frameworks */ = {
			isa = PBXFrameworksBuildPhase;
			buildActionMask = 2147483647;
			files = (
			);
			runOnlyForDeploymentPostprocessing = 0;
		};
/* End PBXFrameworksBuildPhase section */

/* Begin PBXGroup section */
		7499CD761DB48012009F41B1 = {
			isa = PBXGroup;
			children = (
				7499CD811DB48012009F41B1 /* Tour @SST */,
				7499CD801DB48012009F41B1 /* Products */,
			);
			sourceTree = "<group>";
		};
		7499CD801DB48012009F41B1 /* Products */ = {
			isa = PBXGroup;
			children = (
				7499CD7F1DB48012009F41B1 /* Tour@SST.app */,
			);
			name = Products;
			sourceTree = "<group>";
		};
		7499CD811DB48012009F41B1 /* Tour @SST */ = {
			isa = PBXGroup;
			children = (
				7499CD821DB48012009F41B1 /* AppDelegate.swift */,
				7412DA181DC080C3007DB001 /* loc.swift */,
				1D3134B71EACF688005A9B42 /* Data.swift */,
				7499CD841DB48012009F41B1 /* ViewController.swift */,
				742157B71DBDE85300EE1203 /* CollectionViewCell.swift */,
				745DF0A01DBE430D005B068A /* DetailViewController.swift */,
				745DF0A21DBE4572005B068A /* DetailCollectionViewCell.swift */,
				1D3134B31EACCA7F005A9B42 /* StoryViewController.swift */,
				1D938A791EAD900E00EFBB72 /* ContextViewController.swift */,
				7499CD861DB48012009F41B1 /* Main.storyboard */,
				7499CD891DB48012009F41B1 /* Assets.xcassets */,
				7499CD8B1DB48012009F41B1 /* LaunchScreen.storyboard */,
				7499CD8E1DB48012009F41B1 /* Info.plist */,
			);
			path = "Tour @SST";
			sourceTree = "<group>";
		};
/* End PBXGroup section */

/* Begin PBXNativeTarget section */
		7499CD7E1DB48012009F41B1 /* Tour @SST */ = {
			isa = PBXNativeTarget;
			buildConfigurationList = 7499CD911DB48012009F41B1 /* Build configuration list for PBXNativeTarget "Tour @SST" */;
			buildPhases = (
				7499CD7B1DB48012009F41B1 /* Sources */,
				7499CD7C1DB48012009F41B1 /* Frameworks */,
				7499CD7D1DB48012009F41B1 /* Resources */,
			);
			buildRules = (
			);
			dependencies = (
			);
			name = "Tour @SST";
			productName = "Tour @SST";
			productReference = 7499CD7F1DB48012009F41B1 /* Tour@SST.app */;
			productType = "com.apple.product-type.application";
		};
/* End PBXNativeTarget section */

/* Begin PBXProject section */
		7499CD771DB48012009F41B1 /* Project object */ = {
			isa = PBXProject;
			attributes = {
				LastSwiftUpdateCheck = 0800;
				LastUpgradeCheck = 0810;
				ORGANIZATIONNAME = J.Lim;
				TargetAttributes = {
					7499CD7E1DB48012009F41B1 = {
						CreatedOnToolsVersion = 8.0;
						DevelopmentTeam = 7K6ZTDFM48;
						ProvisioningStyle = Automatic;
					};
				};
			};
			buildConfigurationList = 7499CD7A1DB48012009F41B1 /* Build configuration list for PBXProject "Tour @SST" */;
			compatibilityVersion = "Xcode 3.2";
			developmentRegion = English;
			hasScannedForEncodings = 0;
			knownRegions = (
				en,
				Base,
			);
			mainGroup = 7499CD761DB48012009F41B1;
			productRefGroup = 7499CD801DB48012009F41B1 /* Products */;
			projectDirPath = "";
			projectRoot = "";
			targets = (
				7499CD7E1DB48012009F41B1 /* Tour @SST */,
			);
		};
/* End PBXProject section */

/* Begin PBXResourcesBuildPhase section */
		7499CD7D1DB48012009F41B1 /* Resources */ = {
			isa = PBXResourcesBuildPhase;
			buildActionMask = 2147483647;
			files = (
				7499CD8D1DB48012009F41B1 /* LaunchScreen.storyboard in Resources */,
				7499CD8A1DB48012009F41B1 /* Assets.xcassets in Resources */,
				7499CD881DB48012009F41B1 /* Main.storyboard in Resources */,
			);
			runOnlyForDeploymentPostprocessing = 0;
		};
/* End PBXResourcesBuildPhase section */

/* Begin PBXSourcesBuildPhase section */
		7499CD7B1DB48012009F41B1 /* Sources */ = {
			isa = PBXSourcesBuildPhase;
			buildActionMask = 2147483647;
			files = (
				7412DA191DC080C3007DB001 /* loc.swift in Sources */,
				7499CD851DB48012009F41B1 /* ViewController.swift in Sources */,
				7499CD831DB48012009F41B1 /* AppDelegate.swift in Sources */,
				742157B81DBDE85300EE1203 /* CollectionViewCell.swift in Sources */,
				745DF0A31DBE4572005B068A /* DetailCollectionViewCell.swift in Sources */,
				1D3134B41EACCA7F005A9B42 /* StoryViewController.swift in Sources */,
				745DF0A11DBE430D005B068A /* DetailViewController.swift in Sources */,
				1D3134B81EACF688005A9B42 /* Data.swift in Sources */,
				1D938A7A1EAD900E00EFBB72 /* ContextViewController.swift in Sources */,
			);
			runOnlyForDeploymentPostprocessing = 0;
		};
/* End PBXSourcesBuildPhase section */

/* Begin PBXVariantGroup section */
		7499CD861DB48012009F41B1 /* Main.storyboard */ = {
			isa = PBXVariantGroup;
			children = (
				7499CD871DB48012009F41B1 /* Base */,
			);
			name = Main.storyboard;
			sourceTree = "<group>";
		};
		7499CD8B1DB48012009F41B1 /* LaunchScreen.storyboard */ = {
			isa = PBXVariantGroup;
			children = (
				7499CD8C1DB48012009F41B1 /* Base */,
			);
			name = LaunchScreen.storyboard;
			sourceTree = "<group>";
		};
/* End PBXVariantGroup section */

/* Begin XCBuildConfiguration section */
		7499CD8F1DB48012009F41B1 /* Debug */ = {
			isa = XCBuildConfiguration;
			buildSettings = {
				ALWAYS_SEARCH_USER_PATHS = NO;
				CLANG_ANALYZER_NONNULL = YES;
				CLANG_CXX_LANGUAGE_STANDARD = "gnu++0x";
				CLANG_CXX_LIBRARY = "libc++";
				CLANG_ENABLE_MODULES = YES;
				CLANG_ENABLE_OBJC_ARC = YES;
				CLANG_WARN_BOOL_CONVERSION = YES;
				CLANG_WARN_CONSTANT_CONVERSION = YES;
				CLANG_WARN_DIRECT_OBJC_ISA_USAGE = YES_ERROR;
				CLANG_WARN_DOCUMENTATION_COMMENTS = YES;
				CLANG_WARN_EMPTY_BODY = YES;
				CLANG_WARN_ENUM_CONVERSION = YES;
				CLANG_WARN_INFINITE_RECURSION = YES;
				CLANG_WARN_INT_CONVERSION = YES;
				CLANG_WARN_OBJC_ROOT_CLASS = YES_ERROR;
				CLANG_WARN_SUSPICIOUS_MOVE = YES;
				CLANG_WARN_SUSPICIOUS_MOVES = YES;
				CLANG_WARN_UNREACHABLE_CODE = YES;
				CLANG_WARN__DUPLICATE_METHOD_MATCH = YES;
				"CODE_SIGN_IDENTITY[sdk=iphoneos*]" = "iPhone Developer";
				COPY_PHASE_STRIP = NO;
				DEBUG_INFORMATION_FORMAT = dwarf;
				ENABLE_STRICT_OBJC_MSGSEND = YES;
				ENABLE_TESTABILITY = YES;
				GCC_C_LANGUAGE_STANDARD = gnu99;
				GCC_DYNAMIC_NO_PIC = NO;
				GCC_NO_COMMON_BLOCKS = YES;
				GCC_OPTIMIZATION_LEVEL = 0;
				GCC_PREPROCESSOR_DEFINITIONS = (
					"DEBUG=1",
					"$(inherited)",
				);
				GCC_WARN_64_TO_32_BIT_CONVERSION = YES;
				GCC_WARN_ABOUT_RETURN_TYPE = YES_ERROR;
				GCC_WARN_UNDECLARED_SELECTOR = YES;
				GCC_WARN_UNINITIALIZED_AUTOS = YES_AGGRESSIVE;
				GCC_WARN_UNUSED_FUNCTION = YES;
				GCC_WARN_UNUSED_VARIABLE = YES;
				IPHONEOS_DEPLOYMENT_TARGET = 10.0;
				MTL_ENABLE_DEBUG_INFO = YES;
				ONLY_ACTIVE_ARCH = YES;
				SDKROOT = iphoneos;
				SWIFT_ACTIVE_COMPILATION_CONDITIONS = DEBUG;
				SWIFT_OPTIMIZATION_LEVEL = "-Onone";
			};
			name = Debug;
		};
		7499CD901DB48012009F41B1 /* Release */ = {
			isa = XCBuildConfiguration;
			buildSettings = {
				ALWAYS_SEARCH_USER_PATHS = NO;
				CLANG_ANALYZER_NONNULL = YES;
				CLANG_CXX_LANGUAGE_STANDARD = "gnu++0x";
				CLANG_CXX_LIBRARY = "libc++";
				CLANG_ENABLE_MODULES = YES;
				CLANG_ENABLE_OBJC_ARC = YES;
				CLANG_WARN_BOOL_CONVERSION = YES;
				CLANG_WARN_CONSTANT_CONVERSION = YES;
				CLANG_WARN_DIRECT_OBJC_ISA_USAGE = YES_ERROR;
				CLANG_WARN_DOCUMENTATION_COMMENTS = YES;
				CLANG_WARN_EMPTY_BODY = YES;
				CLANG_WARN_ENUM_CONVERSION = YES;
				CLANG_WARN_INFINITE_RECURSION = YES;
				CLANG_WARN_INT_CONVERSION = YES;
				CLANG_WARN_OBJC_ROOT_CLASS = YES_ERROR;
				CLANG_WARN_SUSPICIOUS_MOVE = YES;
				CLANG_WARN_SUSPICIOUS_MOVES = YES;
				CLANG_WARN_UNREACHABLE_CODE = YES;
				CLANG_WARN__DUPLICATE_METHOD_MATCH = YES;
				"CODE_SIGN_IDENTITY[sdk=iphoneos*]" = "iPhone Developer";
				COPY_PHASE_STRIP = NO;
				DEBUG_INFORMATION_FORMAT = "dwarf-with-dsym";
				ENABLE_NS_ASSERTIONS = NO;
				ENABLE_STRICT_OBJC_MSGSEND = YES;
				GCC_C_LANGUAGE_STANDARD = gnu99;
				GCC_NO_COMMON_BLOCKS = YES;
				GCC_WARN_64_TO_32_BIT_CONVERSION = YES;
				GCC_WARN_ABOUT_RETURN_TYPE = YES_ERROR;
				GCC_WARN_UNDECLARED_SELECTOR = YES;
				GCC_WARN_UNINITIALIZED_AUTOS = YES_AGGRESSIVE;
				GCC_WARN_UNUSED_FUNCTION = YES;
				GCC_WARN_UNUSED_VARIABLE = YES;
				IPHONEOS_DEPLOYMENT_TARGET = 10.0;
				MTL_ENABLE_DEBUG_INFO = NO;
				SDKROOT = iphoneos;
				SWIFT_OPTIMIZATION_LEVEL = "-Owholemodule";
				VALIDATE_PRODUCT = YES;
			};
			name = Release;
		};
		7499CD921DB48012009F41B1 /* Debug */ = {
			isa = XCBuildConfiguration;
			buildSettings = {
				ASSETCATALOG_COMPILER_APPICON_NAME = AppIcon;
				"CODE_SIGN_IDENTITY[sdk=iphoneos*]" = "iPhone Developer";
				DEVELOPMENT_TEAM = 7K6ZTDFM48;
				INFOPLIST_FILE = "Tour @SST/Info.plist";
				IPHONEOS_DEPLOYMENT_TARGET = 8.0;
				LD_RUNPATH_SEARCH_PATHS = "$(inherited) @executable_path/Frameworks";
				PRODUCT_BUNDLE_IDENTIFIER = "J.Lim.Tour-SST";
				PRODUCT_NAME = "Tour@SST";
				SWIFT_VERSION = 3.0;
			};
			name = Debug;
		};
		7499CD931DB48012009F41B1 /* Release */ = {
			isa = XCBuildConfiguration;
			buildSettings = {
				ASSETCATALOG_COMPILER_APPICON_NAME = AppIcon;
				"CODE_SIGN_IDENTITY[sdk=iphoneos*]" = "iPhone Developer";
				DEVELOPMENT_TEAM = 7K6ZTDFM48;
				INFOPLIST_FILE = "Tour @SST/Info.plist";
				IPHONEOS_DEPLOYMENT_TARGET = 8.0;
				LD_RUNPATH_SEARCH_PATHS = "$(inherited) @executable_path/Frameworks";
				PRODUCT_BUNDLE_IDENTIFIER = "J.Lim.Tour-SST";
				PRODUCT_NAME = "Tour@SST";
				SWIFT_VERSION = 3.0;
			};
			name = Release;
		};
/* End XCBuildConfiguration section */

/* Begin XCConfigurationList section */
		7499CD7A1DB48012009F41B1 /* Build configuration list for PBXProject "Tour @SST" */ = {
			isa = XCConfigurationList;
			buildConfigurations = (
				7499CD8F1DB48012009F41B1 /* Debug */,
				7499CD901DB48012009F41B1 /* Release */,
			);
			defaultConfigurationIsVisible = 0;
			defaultConfigurationName = Release;
		};
		7499CD911DB48012009F41B1 /* Build configuration list for PBXNativeTarget "Tour @SST" */ = {
			isa = XCConfigurationList;
			buildConfigurations = (
				7499CD921DB48012009F41B1 /* Debug */,
				7499CD931DB48012009F41B1 /* Release */,
			);
			defaultConfigurationIsVisible = 0;
			defaultConfigurationName = Release;
		};
/* End XCConfigurationList section */
	};
	rootObject = 7499CD771DB48012009F41B1 /* Project object */;
}
